// !$*UTF8*$!
{
	archiveVersion = 1;
	classes = {
	};
	objectVersion = 46;
	objects = {

/* Begin PBXBuildFile section */
		C521C31714882E1600F1AF6B /* index.html in Resources */ = {isa = PBXBuildFile; fileRef = C521C31514882E1600F1AF6B /* index.html */; };
		C521C31814882E1600F1AF6B /* phonegap-1.1.0.js in Sources */ = {isa = PBXBuildFile; fileRef = C521C31614882E1600F1AF6B /* phonegap-1.1.0.js */; };
		C583F03D14882A17005E7646 /* Foundation.framework in Frameworks */ = {isa = PBXBuildFile; fileRef = C583F03C14882A17005E7646 /* Foundation.framework */; };
		C583F03F14882A17005E7646 /* UIKit.framework in Frameworks */ = {isa = PBXBuildFile; fileRef = C583F03E14882A17005E7646 /* UIKit.framework */; };
		C583F04114882A17005E7646 /* CoreGraphics.framework in Frameworks */ = {isa = PBXBuildFile; fileRef = C583F04014882A17005E7646 /* CoreGraphics.framework */; };
		C583F04314882A17005E7646 /* AddressBook.framework in Frameworks */ = {isa = PBXBuildFile; fileRef = C583F04214882A17005E7646 /* AddressBook.framework */; };
		C583F04514882A17005E7646 /* AddressBookUI.framework in Frameworks */ = {isa = PBXBuildFile; fileRef = C583F04414882A17005E7646 /* AddressBookUI.framework */; };
		C583F04714882A17005E7646 /* AudioToolbox.framework in Frameworks */ = {isa = PBXBuildFile; fileRef = C583F04614882A17005E7646 /* AudioToolbox.framework */; };
		C583F04914882A17005E7646 /* AVFoundation.framework in Frameworks */ = {isa = PBXBuildFile; fileRef = C583F04814882A17005E7646 /* AVFoundation.framework */; };
		C583F04B14882A17005E7646 /* CoreLocation.framework in Frameworks */ = {isa = PBXBuildFile; fileRef = C583F04A14882A17005E7646 /* CoreLocation.framework */; };
		C583F04D14882A17005E7646 /* MediaPlayer.framework in Frameworks */ = {isa = PBXBuildFile; fileRef = C583F04C14882A17005E7646 /* MediaPlayer.framework */; };
		C583F04F14882A17005E7646 /* QuartzCore.framework in Frameworks */ = {isa = PBXBuildFile; fileRef = C583F04E14882A17005E7646 /* QuartzCore.framework */; };
		C583F05114882A17005E7646 /* SystemConfiguration.framework in Frameworks */ = {isa = PBXBuildFile; fileRef = C583F05014882A17005E7646 /* SystemConfiguration.framework */; };
		C583F05314882A17005E7646 /* MobileCoreServices.framework in Frameworks */ = {isa = PBXBuildFile; fileRef = C583F05214882A17005E7646 /* MobileCoreServices.framework */; };
		C583F05514882A17005E7646 /* CoreMedia.framework in Frameworks */ = {isa = PBXBuildFile; fileRef = C583F05414882A17005E7646 /* CoreMedia.framework */; };
		C583F05B14882A17005E7646 /* InfoPlist.strings in Resources */ = {isa = PBXBuildFile; fileRef = C583F05914882A17005E7646 /* InfoPlist.strings */; };
		C583F05D14882A17005E7646 /* main.m in Sources */ = {isa = PBXBuildFile; fileRef = C583F05C14882A17005E7646 /* main.m */; };
		C583F06014882A17005E7646 /* PhoneGap.framework in Frameworks */ = {isa = PBXBuildFile; fileRef = C583F05F14882A17005E7646 /* PhoneGap.framework */; };
		C583F06514882A17005E7646 /* Localizable.strings in Resources */ = {isa = PBXBuildFile; fileRef = C583F06314882A17005E7646 /* Localizable.strings */; };
		C583F06914882A17005E7646 /* Localizable.strings in Resources */ = {isa = PBXBuildFile; fileRef = C583F06714882A17005E7646 /* Localizable.strings */; };
		C583F06C14882A17005E7646 /* icon.png in Resources */ = {isa = PBXBuildFile; fileRef = C583F06B14882A17005E7646 /* icon.png */; };
		C583F06E14882A17005E7646 /* icon@2x.png in Resources */ = {isa = PBXBuildFile; fileRef = C583F06D14882A17005E7646 /* icon@2x.png */; };
		C583F07014882A17005E7646 /* icon-72.png in Resources */ = {isa = PBXBuildFile; fileRef = C583F06F14882A17005E7646 /* icon-72.png */; };
		C583F07314882A17005E7646 /* Default.png in Resources */ = {isa = PBXBuildFile; fileRef = C583F07214882A17005E7646 /* Default.png */; };
		C583F07514882A17005E7646 /* Default@2x.png in Resources */ = {isa = PBXBuildFile; fileRef = C583F07414882A17005E7646 /* Default@2x.png */; };
		C583F07714882A17005E7646 /* Capture.bundle in Resources */ = {isa = PBXBuildFile; fileRef = C583F07614882A17005E7646 /* Capture.bundle */; };
		C583F07914882A17005E7646 /* PhoneGap.plist in Resources */ = {isa = PBXBuildFile; fileRef = C583F07814882A17005E7646 /* PhoneGap.plist */; };
		C583F07D14882A17005E7646 /* AppDelegate.m in Sources */ = {isa = PBXBuildFile; fileRef = C583F07C14882A17005E7646 /* AppDelegate.m */; };
/* End PBXBuildFile section */

/* Begin PBXFileReference section */
		C521C31514882E1600F1AF6B /* index.html */ = {isa = PBXFileReference; fileEncoding = 4; lastKnownFileType = text.html; path = index.html; sourceTree = "<group>"; };
		C521C31614882E1600F1AF6B /* phonegap-1.1.0.js */ = {isa = PBXFileReference; fileEncoding = 4; lastKnownFileType = sourcecode.javascript; path = "phonegap-1.1.0.js"; sourceTree = "<group>"; };
		C583F03814882A17005E7646 /* Mimicry.app */ = {isa = PBXFileReference; explicitFileType = wrapper.application; includeInIndex = 0; path = Mimicry.app; sourceTree = BUILT_PRODUCTS_DIR; };
		C583F03C14882A17005E7646 /* Foundation.framework */ = {isa = PBXFileReference; lastKnownFileType = wrapper.framework; name = Foundation.framework; path = System/Library/Frameworks/Foundation.framework; sourceTree = SDKROOT; };
		C583F03E14882A17005E7646 /* UIKit.framework */ = {isa = PBXFileReference; lastKnownFileType = wrapper.framework; name = UIKit.framework; path = System/Library/Frameworks/UIKit.framework; sourceTree = SDKROOT; };
		C583F04014882A17005E7646 /* CoreGraphics.framework */ = {isa = PBXFileReference; lastKnownFileType = wrapper.framework; name = CoreGraphics.framework; path = System/Library/Frameworks/CoreGraphics.framework; sourceTree = SDKROOT; };
		C583F04214882A17005E7646 /* AddressBook.framework */ = {isa = PBXFileReference; lastKnownFileType = wrapper.framework; name = AddressBook.framework; path = System/Library/Frameworks/AddressBook.framework; sourceTree = SDKROOT; };
		C583F04414882A17005E7646 /* AddressBookUI.framework */ = {isa = PBXFileReference; lastKnownFileType = wrapper.framework; name = AddressBookUI.framework; path = System/Library/Frameworks/AddressBookUI.framework; sourceTree = SDKROOT; };
		C583F04614882A17005E7646 /* AudioToolbox.framework */ = {isa = PBXFileReference; lastKnownFileType = wrapper.framework; name = AudioToolbox.framework; path = System/Library/Frameworks/AudioToolbox.framework; sourceTree = SDKROOT; };
		C583F04814882A17005E7646 /* AVFoundation.framework */ = {isa = PBXFileReference; lastKnownFileType = wrapper.framework; name = AVFoundation.framework; path = System/Library/Frameworks/AVFoundation.framework; sourceTree = SDKROOT; };
		C583F04A14882A17005E7646 /* CoreLocation.framework */ = {isa = PBXFileReference; lastKnownFileType = wrapper.framework; name = CoreLocation.framework; path = System/Library/Frameworks/CoreLocation.framework; sourceTree = SDKROOT; };
		C583F04C14882A17005E7646 /* MediaPlayer.framework */ = {isa = PBXFileReference; lastKnownFileType = wrapper.framework; name = MediaPlayer.framework; path = System/Library/Frameworks/MediaPlayer.framework; sourceTree = SDKROOT; };
		C583F04E14882A17005E7646 /* QuartzCore.framework */ = {isa = PBXFileReference; lastKnownFileType = wrapper.framework; name = QuartzCore.framework; path = System/Library/Frameworks/QuartzCore.framework; sourceTree = SDKROOT; };
		C583F05014882A17005E7646 /* SystemConfiguration.framework */ = {isa = PBXFileReference; lastKnownFileType = wrapper.framework; name = SystemConfiguration.framework; path = System/Library/Frameworks/SystemConfiguration.framework; sourceTree = SDKROOT; };
		C583F05214882A17005E7646 /* MobileCoreServices.framework */ = {isa = PBXFileReference; lastKnownFileType = wrapper.framework; name = MobileCoreServices.framework; path = System/Library/Frameworks/MobileCoreServices.framework; sourceTree = SDKROOT; };
		C583F05414882A17005E7646 /* CoreMedia.framework */ = {isa = PBXFileReference; lastKnownFileType = wrapper.framework; name = CoreMedia.framework; path = System/Library/Frameworks/CoreMedia.framework; sourceTree = SDKROOT; };
		C583F05814882A17005E7646 /* Mimicry-Info.plist */ = {isa = PBXFileReference; lastKnownFileType = text.plist.xml; path = "Mimicry-Info.plist"; sourceTree = "<group>"; };
		C583F05A14882A17005E7646 /* en */ = {isa = PBXFileReference; lastKnownFileType = text.plist.strings; name = en; path = en.lproj/InfoPlist.strings; sourceTree = "<group>"; };
		C583F05C14882A17005E7646 /* main.m */ = {isa = PBXFileReference; lastKnownFileType = sourcecode.c.objc; path = main.m; sourceTree = "<group>"; };
		C583F05E14882A17005E7646 /* Mimicry-Prefix.pch */ = {isa = PBXFileReference; lastKnownFileType = sourcecode.c.h; path = "Mimicry-Prefix.pch"; sourceTree = "<group>"; };
		C583F05F14882A17005E7646 /* PhoneGap.framework */ = {isa = PBXFileReference; lastKnownFileType = wrapper.framework; name = PhoneGap.framework; path = /Users/Shared/PhoneGap/Frameworks/PhoneGap.framework; sourceTree = "<absolute>"; };
		C583F06414882A17005E7646 /* en */ = {isa = PBXFileReference; lastKnownFileType = text.plist.strings; name = en; path = Resources/en.lproj/Localizable.strings; sourceTree = "<group>"; };
		C583F06814882A17005E7646 /* es */ = {isa = PBXFileReference; lastKnownFileType = text.plist.strings; name = es; path = Resources/es.lproj/Localizable.strings; sourceTree = "<group>"; };
		C583F06B14882A17005E7646 /* icon.png */ = {isa = PBXFileReference; lastKnownFileType = image.png; name = icon.png; path = Resources/icons/icon.png; sourceTree = "<group>"; };
		C583F06D14882A17005E7646 /* icon@2x.png */ = {isa = PBXFileReference; lastKnownFileType = image.png; name = "icon@2x.png"; path = "Resources/icons/icon@2x.png"; sourceTree = "<group>"; };
		C583F06F14882A17005E7646 /* icon-72.png */ = {isa = PBXFileReference; lastKnownFileType = image.png; name = "icon-72.png"; path = "Resources/icons/icon-72.png"; sourceTree = "<group>"; };
		C583F07214882A17005E7646 /* Default.png */ = {isa = PBXFileReference; lastKnownFileType = image.png; name = Default.png; path = Resources/splash/Default.png; sourceTree = "<group>"; };
		C583F07414882A17005E7646 /* Default@2x.png */ = {isa = PBXFileReference; lastKnownFileType = image.png; name = "Default@2x.png"; path = "Resources/splash/Default@2x.png"; sourceTree = "<group>"; };
		C583F07614882A17005E7646 /* Capture.bundle */ = {isa = PBXFileReference; lastKnownFileType = "wrapper.plug-in"; name = Capture.bundle; path = Resources/Capture.bundle; sourceTree = "<group>"; };
		C583F07814882A17005E7646 /* PhoneGap.plist */ = {isa = PBXFileReference; lastKnownFileType = text.plist.xml; path = PhoneGap.plist; sourceTree = "<group>"; };
		C583F07B14882A17005E7646 /* AppDelegate.h */ = {isa = PBXFileReference; lastKnownFileType = sourcecode.c.h; name = AppDelegate.h; path = Classes/AppDelegate.h; sourceTree = "<group>"; };
		C583F07C14882A17005E7646 /* AppDelegate.m */ = {isa = PBXFileReference; lastKnownFileType = sourcecode.c.objc; name = AppDelegate.m; path = Classes/AppDelegate.m; sourceTree = "<group>"; };
		C583F07F14882A17005E7646 /* README */ = {isa = PBXFileReference; lastKnownFileType = text; name = README; path = Plugins/README; sourceTree = "<group>"; };
/* End PBXFileReference section */

/* Begin PBXFrameworksBuildPhase section */
		C583F03214882A17005E7646 /* Frameworks */ = {
			isa = PBXFrameworksBuildPhase;
			buildActionMask = 2147483647;
			files = (
				C583F03D14882A17005E7646 /* Foundation.framework in Frameworks */,
				C583F03F14882A17005E7646 /* UIKit.framework in Frameworks */,
				C583F04114882A17005E7646 /* CoreGraphics.framework in Frameworks */,
				C583F04314882A17005E7646 /* AddressBook.framework in Frameworks */,
				C583F04514882A17005E7646 /* AddressBookUI.framework in Frameworks */,
				C583F04714882A17005E7646 /* AudioToolbox.framework in Frameworks */,
				C583F04914882A17005E7646 /* AVFoundation.framework in Frameworks */,
				C583F04B14882A17005E7646 /* CoreLocation.framework in Frameworks */,
				C583F04D14882A17005E7646 /* MediaPlayer.framework in Frameworks */,
				C583F04F14882A17005E7646 /* QuartzCore.framework in Frameworks */,
				C583F05114882A17005E7646 /* SystemConfiguration.framework in Frameworks */,
				C583F05314882A17005E7646 /* MobileCoreServices.framework in Frameworks */,
				C583F05514882A17005E7646 /* CoreMedia.framework in Frameworks */,
				C583F06014882A17005E7646 /* PhoneGap.framework in Frameworks */,
			);
			runOnlyForDeploymentPostprocessing = 0;
		};
		C583F03514882A17005E7646 /* Frameworks */ = {
			isa = PBXFrameworksBuildPhase;
			buildActionMask = 2147483647;
			files = (
			);
			runOnlyForDeploymentPostprocessing = 0;
		};
/* End PBXFrameworksBuildPhase section */

/* Begin PBXGroup section */
		C521C31414882E1600F1AF6B /* www */ = {
			isa = PBXGroup;
			children = (
				C521C31514882E1600F1AF6B /* index.html */,
				C521C31614882E1600F1AF6B /* phonegap-1.1.0.js */,
			);
			path = www;
			sourceTree = "<group>";
		};
		C583F02A14882A17005E7646 = {
			isa = PBXGroup;
			children = (
				C521C31414882E1600F1AF6B /* www */,
				C583F05614882A17005E7646 /* Mimicry */,
				C583F03B14882A17005E7646 /* Frameworks */,
				C583F03914882A17005E7646 /* Products */,
			);
			sourceTree = "<group>";
		};
		C583F03914882A17005E7646 /* Products */ = {
			isa = PBXGroup;
			children = (
				C583F03814882A17005E7646 /* Mimicry.app */,
			);
			name = Products;
			sourceTree = "<group>";
		};
		C583F03B14882A17005E7646 /* Frameworks */ = {
			isa = PBXGroup;
			children = (
				C583F03C14882A17005E7646 /* Foundation.framework */,
				C583F03E14882A17005E7646 /* UIKit.framework */,
				C583F04014882A17005E7646 /* CoreGraphics.framework */,
				C583F04214882A17005E7646 /* AddressBook.framework */,
				C583F04414882A17005E7646 /* AddressBookUI.framework */,
				C583F04614882A17005E7646 /* AudioToolbox.framework */,
				C583F04814882A17005E7646 /* AVFoundation.framework */,
				C583F04A14882A17005E7646 /* CoreLocation.framework */,
				C583F04C14882A17005E7646 /* MediaPlayer.framework */,
				C583F04E14882A17005E7646 /* QuartzCore.framework */,
				C583F05014882A17005E7646 /* SystemConfiguration.framework */,
				C583F05214882A17005E7646 /* MobileCoreServices.framework */,
				C583F05414882A17005E7646 /* CoreMedia.framework */,
			);
			name = Frameworks;
			sourceTree = "<group>";
		};
		C583F05614882A17005E7646 /* Mimicry */ = {
			isa = PBXGroup;
			children = (
				C583F05F14882A17005E7646 /* PhoneGap.framework */,
				C583F06114882A17005E7646 /* Resources */,
				C583F07A14882A17005E7646 /* Classes */,
				C583F07E14882A17005E7646 /* Plugins */,
				C583F05714882A17005E7646 /* Supporting Files */,
			);
			path = Mimicry;
			sourceTree = "<group>";
		};
		C583F05714882A17005E7646 /* Supporting Files */ = {
			isa = PBXGroup;
			children = (
				C583F05814882A17005E7646 /* Mimicry-Info.plist */,
				C583F05914882A17005E7646 /* InfoPlist.strings */,
				C583F05C14882A17005E7646 /* main.m */,
				C583F05E14882A17005E7646 /* Mimicry-Prefix.pch */,
				C583F07814882A17005E7646 /* PhoneGap.plist */,
			);
			name = "Supporting Files";
			sourceTree = "<group>";
		};
		C583F06114882A17005E7646 /* Resources */ = {
			isa = PBXGroup;
			children = (
				C583F07614882A17005E7646 /* Capture.bundle */,
				C583F06214882A17005E7646 /* en.lproj */,
				C583F06614882A17005E7646 /* es.lproj */,
				C583F06A14882A17005E7646 /* icons */,
				C583F07114882A17005E7646 /* splash */,
			);
			name = Resources;
			sourceTree = "<group>";
		};
		C583F06214882A17005E7646 /* en.lproj */ = {
			isa = PBXGroup;
			children = (
				C583F06314882A17005E7646 /* Localizable.strings */,
			);
			name = en.lproj;
			sourceTree = "<group>";
		};
		C583F06614882A17005E7646 /* es.lproj */ = {
			isa = PBXGroup;
			children = (
				C583F06714882A17005E7646 /* Localizable.strings */,
			);
			name = es.lproj;
			sourceTree = "<group>";
		};
		C583F06A14882A17005E7646 /* icons */ = {
			isa = PBXGroup;
			children = (
				C583F06B14882A17005E7646 /* icon.png */,
				C583F06D14882A17005E7646 /* icon@2x.png */,
				C583F06F14882A17005E7646 /* icon-72.png */,
			);
			name = icons;
			sourceTree = "<group>";
		};
		C583F07114882A17005E7646 /* splash */ = {
			isa = PBXGroup;
			children = (
				C583F07214882A17005E7646 /* Default.png */,
				C583F07414882A17005E7646 /* Default@2x.png */,
			);
			name = splash;
			sourceTree = "<group>";
		};
		C583F07A14882A17005E7646 /* Classes */ = {
			isa = PBXGroup;
			children = (
				C583F07B14882A17005E7646 /* AppDelegate.h */,
				C583F07C14882A17005E7646 /* AppDelegate.m */,
			);
			name = Classes;
			sourceTree = "<group>";
		};
		C583F07E14882A17005E7646 /* Plugins */ = {
			isa = PBXGroup;
			children = (
				C583F07F14882A17005E7646 /* README */,
			);
			name = Plugins;
			sourceTree = "<group>";
		};
/* End PBXGroup section */

/* Begin PBXNativeTarget section */
		C583F03714882A17005E7646 /* Mimicry */ = {
			isa = PBXNativeTarget;
			buildConfigurationList = C583F08214882A17005E7646 /* Build configuration list for PBXNativeTarget "Mimicry" */;
			buildPhases = (
				C583F03114882A17005E7646 /* Sources */,
				C583F03214882A17005E7646 /* Frameworks */,
				C583F03314882A17005E7646 /* Resources */,
				C583F03414882A17005E7646 /* Sources */,
				C583F03514882A17005E7646 /* Frameworks */,
				C583F03614882A17005E7646 /* ShellScript */,
			);
			buildRules = (
			);
			dependencies = (
			);
			name = Mimicry;
			productName = Mimicry;
			productReference = C583F03814882A17005E7646 /* Mimicry.app */;
			productType = "com.apple.product-type.application";
		};
/* End PBXNativeTarget section */

/* Begin PBXProject section */
		C583F02C14882A17005E7646 /* Project object */ = {
			isa = PBXProject;
			attributes = {
				LastUpgradeCheck = 0420;
			};
			buildConfigurationList = C583F02F14882A17005E7646 /* Build configuration list for PBXProject "Mimicry" */;
			compatibilityVersion = "Xcode 3.2";
			developmentRegion = English;
			hasScannedForEncodings = 0;
			knownRegions = (
				en,
				es,
			);
			mainGroup = C583F02A14882A17005E7646;
			productRefGroup = C583F03914882A17005E7646 /* Products */;
			projectDirPath = "";
			projectRoot = "";
			targets = (
				C583F03714882A17005E7646 /* Mimicry */,
			);
		};
/* End PBXProject section */

/* Begin PBXResourcesBuildPhase section */
		C583F03314882A17005E7646 /* Resources */ = {
			isa = PBXResourcesBuildPhase;
			buildActionMask = 2147483647;
			files = (
				C583F05B14882A17005E7646 /* InfoPlist.strings in Resources */,
				C583F06514882A17005E7646 /* Localizable.strings in Resources */,
				C583F06914882A17005E7646 /* Localizable.strings in Resources */,
				C583F06C14882A17005E7646 /* icon.png in Resources */,
				C583F06E14882A17005E7646 /* icon@2x.png in Resources */,
				C583F07014882A17005E7646 /* icon-72.png in Resources */,
				C583F07314882A17005E7646 /* Default.png in Resources */,
				C583F07514882A17005E7646 /* Default@2x.png in Resources */,
				C583F07714882A17005E7646 /* Capture.bundle in Resources */,
				C583F07914882A17005E7646 /* PhoneGap.plist in Resources */,
				C521C31714882E1600F1AF6B /* index.html in Resources */,
			);
			runOnlyForDeploymentPostprocessing = 0;
		};
/* End PBXResourcesBuildPhase section */

/* Begin PBXShellScriptBuildPhase section */
		C583F03614882A17005E7646 /* ShellScript */ = {
			isa = PBXShellScriptBuildPhase;
			buildActionMask = 2147483647;
			files = (
			);
			inputPaths = (
			);
			outputPaths = (
			);
			runOnlyForDeploymentPostprocessing = 0;
			shellPath = /bin/bash;
			shellScript = "\n\t\t\t\t\t\t\t\tif [ ! -d \"$PROJECT_DIR/www\" ] ; then\n\t\t\t\t\t\t\t\t\tcp -R /Users/Shared/PhoneGap/Frameworks/PhoneGap.framework/www \"$PROJECT_DIR\"\n\t\t\t\t\t\t\t\tfi\n\t\t\t\t\t\t\t\t# detect www folder reference in project, if missing, print warning\n\t\t\t\t\t\t\t\tgrep \"{isa = PBXFileReference; lastKnownFileType = folder; path = www; sourceTree = \\\"<group>\\\"; };\" \"$PROJECT_DIR/$PROJECT_NAME.xcodeproj/project.pbxproj\"\n\t\t\t\t\t\t\t\trc=$? \n\t\t\t\t\t\t\t\tif [ $rc != 0 ] ; then\n\t\t\t\t\t\t\t\techo -e \"warning: Missing - Add $PROJECT_DIR/www as a folder reference in your project. Just drag and drop the folder into your project, into the Project Navigator of Xcode 4. Make sure you select the second radio-button: 'Create folder references for any added folders' (which will create a blue folder)\" 1>&2\n\t\t\t\t\t\t\t\tfi\t\t\t\t\t\t\t";
		};
/* End PBXShellScriptBuildPhase section */

/* Begin PBXSourcesBuildPhase section */
		C583F03114882A17005E7646 /* Sources */ = {
			isa = PBXSourcesBuildPhase;
			buildActionMask = 2147483647;
			files = (
				C583F05D14882A17005E7646 /* main.m in Sources */,
				C583F07D14882A17005E7646 /* AppDelegate.m in Sources */,
				C521C31814882E1600F1AF6B /* phonegap-1.1.0.js in Sources */,
			);
			runOnlyForDeploymentPostprocessing = 0;
		};
		C583F03414882A17005E7646 /* Sources */ = {
			isa = PBXSourcesBuildPhase;
			buildActionMask = 2147483647;
			files = (
			);
			runOnlyForDeploymentPostprocessing = 0;
		};
/* End PBXSourcesBuildPhase section */

/* Begin PBXVariantGroup section */
		C583F05914882A17005E7646 /* InfoPlist.strings */ = {
			isa = PBXVariantGroup;
			children = (
				C583F05A14882A17005E7646 /* en */,
			);
			name = InfoPlist.strings;
			sourceTree = "<group>";
		};
		C583F06314882A17005E7646 /* Localizable.strings */ = {
			isa = PBXVariantGroup;
			children = (
				C583F06414882A17005E7646 /* en */,
			);
			name = Localizable.strings;
			sourceTree = "<group>";
		};
		C583F06714882A17005E7646 /* Localizable.strings */ = {
			isa = PBXVariantGroup;
			children = (
				C583F06814882A17005E7646 /* es */,
			);
			name = Localizable.strings;
			sourceTree = "<group>";
		};
/* End PBXVariantGroup section */

/* Begin XCBuildConfiguration section */
		C583F08014882A17005E7646 /* Debug */ = {
			isa = XCBuildConfiguration;
			buildSettings = {
				ALWAYS_SEARCH_USER_PATHS = NO;
				ARCHS = "$(ARCHS_STANDARD_32_BIT)";
				CLANG_ENABLE_OBJC_ARC = YES;
				"CODE_SIGN_IDENTITY[sdk=iphoneos*]" = "iPhone Developer";
				COPY_PHASE_STRIP = NO;
				GCC_C_LANGUAGE_STANDARD = gnu99;
				GCC_DYNAMIC_NO_PIC = NO;
				GCC_OPTIMIZATION_LEVEL = 0;
				GCC_PREPROCESSOR_DEFINITIONS = (
					"DEBUG=1",
					"$(inherited)",
				);
				GCC_SYMBOLS_PRIVATE_EXTERN = NO;
				GCC_VERSION = com.apple.compilers.llvmgcc42;
				GCC_WARN_ABOUT_MISSING_PROTOTYPES = YES;
				GCC_WARN_ABOUT_RETURN_TYPE = YES;
				GCC_WARN_UNUSED_VARIABLE = YES;
				IPHONEOS_DEPLOYMENT_TARGET = 3.0;
				SDKROOT = iphoneos;
			};
			name = Debug;
		};
		C583F08114882A17005E7646 /* Release */ = {
			isa = XCBuildConfiguration;
			buildSettings = {
				ALWAYS_SEARCH_USER_PATHS = NO;
				ARCHS = "$(ARCHS_STANDARD_32_BIT)";
				CLANG_ENABLE_OBJC_ARC = YES;
				"CODE_SIGN_IDENTITY[sdk=iphoneos*]" = "iPhone Developer";
				COPY_PHASE_STRIP = YES;
				GCC_C_LANGUAGE_STANDARD = gnu99;
				GCC_VERSION = com.apple.compilers.llvmgcc42;
				GCC_WARN_ABOUT_MISSING_PROTOTYPES = YES;
				GCC_WARN_ABOUT_RETURN_TYPE = YES;
				GCC_WARN_UNUSED_VARIABLE = YES;
				IPHONEOS_DEPLOYMENT_TARGET = 3.0;
				SDKROOT = iphoneos;
				VALIDATE_PRODUCT = YES;
			};
			name = Release;
		};
		C583F08314882A17005E7646 /* Debug */ = {
			isa = XCBuildConfiguration;
			buildSettings = {
				ALWAYS_SEARCH_USER_PATHS = YES;
				COPY_PHASE_STRIP = NO;
				FRAMEWORK_SEARCH_PATHS = /Users/Shared/PhoneGap/Frameworks;
				GCC_DYNAMIC_NO_PIC = NO;
				GCC_PRECOMPILE_PREFIX_HEADER = YES;
				GCC_PREFIX_HEADER = "Mimicry/Mimicry-Prefix.pch";
				GCC_PREPROCESSOR_DEFINITIONS = "PHONEGAP_FRAMEWORK=YES";
				INFOPLIST_FILE = "Mimicry/Mimicry-Info.plist";
				OTHER_LDFLAGS = (
					"-weak_framework",
					UIKit,
					"-weak_framework",
					AVFoundation,
					"-weak_framework",
					CoreMedia,
					"-weak_library",
					/usr/lib/libSystem.B.dylib,
				);
				PRODUCT_NAME = "$(TARGET_NAME)";
				TARGETED_DEVICE_FAMILY = "1,2";
				WRAPPER_EXTENSION = app;
			};
			name = Debug;
		};
		C583F08414882A17005E7646 /* Release */ = {
			isa = XCBuildConfiguration;
			buildSettings = {
				ALWAYS_SEARCH_USER_PATHS = YES;
				COPY_PHASE_STRIP = YES;
				DEBUG_INFORMATION_FORMAT = "dwarf-with-dsym";
				FRAMEWORK_SEARCH_PATHS = /Users/Shared/PhoneGap/Frameworks;
				GCC_PRECOMPILE_PREFIX_HEADER = YES;
				GCC_PREFIX_HEADER = "Mimicry/Mimicry-Prefix.pch";
				GCC_PREPROCESSOR_DEFINITIONS = "PHONEGAP_FRAMEWORK=YES";
				INFOPLIST_FILE = "Mimicry/Mimicry-Info.plist";
				OTHER_LDFLAGS = (
					"-weak_framework",
					UIKit,
					"-weak_framework",
					AVFoundation,
					"-weak_framework",
					CoreMedia,
					"-weak_library",
					/usr/lib/libSystem.B.dylib,
				);
				PRODUCT_NAME = "$(TARGET_NAME)";
				TARGETED_DEVICE_FAMILY = "1,2";
				VALIDATE_PRODUCT = YES;
				WRAPPER_EXTENSION = app;
			};
			name = Release;
		};
/* End XCBuildConfiguration section */

/* Begin XCConfigurationList section */
		C583F02F14882A17005E7646 /* Build configuration list for PBXProject "Mimicry" */ = {
			isa = XCConfigurationList;
			buildConfigurations = (
				C583F08014882A17005E7646 /* Debug */,
				C583F08114882A17005E7646 /* Release */,
			);
			defaultConfigurationIsVisible = 0;
			defaultConfigurationName = Release;
		};
		C583F08214882A17005E7646 /* Build configuration list for PBXNativeTarget "Mimicry" */ = {
			isa = XCConfigurationList;
			buildConfigurations = (
				C583F08314882A17005E7646 /* Debug */,
				C583F08414882A17005E7646 /* Release */,
			);
			defaultConfigurationIsVisible = 0;
			defaultConfigurationName = Release;
		};
/* End XCConfigurationList section */
	};
	rootObject = C583F02C14882A17005E7646 /* Project object */;
}
